
Microsoft Visual Studio Solution File, Format Version 12.00
# Visual Studio Version 17
VisualStudioVersion = 17.9.34728.123
MinimumVisualStudioVersion = 10.0.40219.1
Project("{FAE04EC0-301F-11D3-BF4B-00C04F79EFBC}") = "SuperMartketapp", "SuperMartketapp.csproj", "{CFA8FF49-EA22-4D51-A5C7-0193EA015CDF}"
EndProject
Global
	GlobalSection(SolutionConfigurationPlatforms) = preSolution
		Debug|Any CPU = Debug|Any CPU
		Release|Any CPU = Release|Any CPU
	EndGlobalSection
	GlobalSection(ProjectConfigurationPlatforms) = postSolution
		{CFA8FF49-EA22-4D51-A5C7-0193EA015CDF}.Debug|Any CPU.ActiveCfg = Debug|Any CPU
		{CFA8FF49-EA22-4D51-A5C7-0193EA015CDF}.Debug|Any CPU.Build.0 = Debug|Any CPU
		{CFA8FF49-EA22-4D51-A5C7-0193EA015CDF}.Release|Any CPU.ActiveCfg = Release|Any CPU
		{CFA8FF49-EA22-4D51-A5C7-0193EA015CDF}.Release|Any CPU.Build.0 = Release|Any CPU
	EndGlobalSection
	GlobalSection(SolutionProperties) = preSolution
		HideSolutionNode = FALSE
	EndGlobalSection
	GlobalSection(ExtensibilityGlobals) = postSolution
		SolutionGuid = {8428748F-FDDF-401F-9341-83A6CDAB1E1C}
	EndGlobalSection
EndGlobal
